
Microsoft Visual Studio Solution File, Format Version 12.00
# Visual Studio Version 16
VisualStudioVersion = 16.0.30204.135
MinimumVisualStudioVersion = 10.0.40219.1
Project("{FAE04EC0-301F-11D3-BF4B-00C04F79EFBC}") = "Middleware.Demo", "Middleware.Demo.csproj", "{8891B7F3-118C-4B2D-A8B5-BBA7ED0277F6}"
EndProject
Global
	GlobalSection(SolutionConfigurationPlatforms) = preSolution
		Debug|Any CPU = Debug|Any CPU
		Release|Any CPU = Release|Any CPU
	EndGlobalSection
	GlobalSection(ProjectConfigurationPlatforms) = postSolution
		{8891B7F3-118C-4B2D-A8B5-BBA7ED0277F6}.Debug|Any CPU.ActiveCfg = Debug|Any CPU
		{8891B7F3-118C-4B2D-A8B5-BBA7ED0277F6}.Debug|Any CPU.Build.0 = Debug|Any CPU
		{8891B7F3-118C-4B2D-A8B5-BBA7ED0277F6}.Release|Any CPU.ActiveCfg = Release|Any CPU
		{8891B7F3-118C-4B2D-A8B5-BBA7ED0277F6}.Release|Any CPU.Build.0 = Release|Any CPU
	EndGlobalSection
	GlobalSection(SolutionProperties) = preSolution
		HideSolutionNode = FALSE
	EndGlobalSection
	GlobalSection(ExtensibilityGlobals) = postSolution
		SolutionGuid = {50099E7F-CE2F-4041-B3DC-56284B77C46B}
	EndGlobalSection
EndGlobal
